
Microsoft Visual Studio Solution File, Format Version 12.00
# Visual Studio 15
VisualStudioVersion = 15.0.26730.10
MinimumVisualStudioVersion = 10.0.40219.1
Project("{9A19103F-16F7-4668-BE54-9A1E7A4F7556}") = "MeetupWalker", "MeetupWalker\MeetupWalker.csproj", "{5AED11F2-C5D4-4D9E-8AF7-79CF965CAEDE}"
EndProject
Project("{FAE04EC0-301F-11D3-BF4B-00C04F79EFBC}") = "MeetupAPI", "MeetupAPI\MeetupAPI.csproj", "{2404A2DF-771D-436C-9040-B098E15D96B9}"
EndProject
Global
	GlobalSection(SolutionConfigurationPlatforms) = preSolution
		Debug|Any CPU = Debug|Any CPU
		Release|Any CPU = Release|Any CPU
	EndGlobalSection
	GlobalSection(ProjectConfigurationPlatforms) = postSolution
		{5AED11F2-C5D4-4D9E-8AF7-79CF965CAEDE}.Debug|Any CPU.ActiveCfg = Debug|Any CPU
		{5AED11F2-C5D4-4D9E-8AF7-79CF965CAEDE}.Debug|Any CPU.Build.0 = Debug|Any CPU
		{5AED11F2-C5D4-4D9E-8AF7-79CF965CAEDE}.Release|Any CPU.ActiveCfg = Release|Any CPU
		{5AED11F2-C5D4-4D9E-8AF7-79CF965CAEDE}.Release|Any CPU.Build.0 = Release|Any CPU
		{2404A2DF-771D-436C-9040-B098E15D96B9}.Debug|Any CPU.ActiveCfg = Debug|Any CPU
		{2404A2DF-771D-436C-9040-B098E15D96B9}.Debug|Any CPU.Build.0 = Debug|Any CPU
		{2404A2DF-771D-436C-9040-B098E15D96B9}.Release|Any CPU.ActiveCfg = Release|Any CPU
		{2404A2DF-771D-436C-9040-B098E15D96B9}.Release|Any CPU.Build.0 = Release|Any CPU
	EndGlobalSection
	GlobalSection(SolutionProperties) = preSolution
		HideSolutionNode = FALSE
	EndGlobalSection
	GlobalSection(ExtensibilityGlobals) = postSolution
		SolutionGuid = {9C9ACC02-9815-49BD-A978-E9D229B34456}
	EndGlobalSection
EndGlobal
